PODS:
  - Flutter (1.0.0)
  - majascan (0.0.4):
    - Flutter

DEPENDENCIES:
  - Flutter (from `.symlinks/flutter/ios`)
  - majascan (from `.symlinks/plugins/majascan/ios`)

EXTERNAL SOURCES:
  Flutter:
    :path: ".symlinks/flutter/ios"
  majascan:
    :path: ".symlinks/plugins/majascan/ios"

SPEC CHECKSUMS:
  Flutter: 0e3d915762c693b495b44d77113d4970485de6ec
  majascan: 199751a32aa598610716e8583347f5be5ac6d849

PODFILE CHECKSUM: ebd43b443038e611b86ede96e613bd6033c49497

COCOAPODS: 1.10.0
